speakeasyVersion: 1.453.3
sources:
    first-source: {}
    my-source:
        sourceNamespace: my-source-new
        sourceRevisionDigest: sha256:b56a66a65c018c272c05bccbcf248a9d1fb717f64322a256ca45fa7064050eab
        sourceBlobDigest: sha256:94614599491dcd3859835f58fbbadca00059a54206c33f328525b43e96e85be9
        tags:
            - latest
            - speakeasy-sdk-regen-1733616174
            - 0.4.0
targets:
    java-target:
        source: my-source
        sourceNamespace: my-source-new
        sourceRevisionDigest: sha256:b56a66a65c018c272c05bccbcf248a9d1fb717f64322a256ca45fa7064050eab
        sourceBlobDigest: sha256:94614599491dcd3859835f58fbbadca00059a54206c33f328525b43e96e85be9
        codeSamplesNamespace: my-source-java-code-samples
        codeSamplesRevisionDigest: sha256:a6e9b0dab0d5d29b97adb94b679287304e7878cc97b0fa5680528a8803b0cee4
    py:
        source: first-source
    ts:
        source: first-source
workflow:
    workflowVersion: 1.0.0
    speakeasyVersion: latest
    sources:
        my-source:
            inputs:
                - location: https://speakeasy.com/openapi.yaml
            registry:
                location: registry.speakeasyapi.dev/chase-test/chase-test/my-source-new
    targets:
        java-target:
            target: java
            source: my-source
            publish:
                java:
                    ossrhUsername: $OSSRH_USERNAME
                    ossrhPassword: $OSSRH_PASSWORD
                    gpgSecretKey: $JAVA_GPG_SECRET_KEY
                    gpgPassPhrase: $JAVA_GPG_PASSPHRASE
                    useSonatypeLegacy: true
            codeSamples:
                output: codeSamples.yaml
                registry:
                    location: registry.speakeasyapi.dev/chase-test/chase-test/my-source-java-code-samples
