speakeasyVersion: 1.434.6
sources:
    first-source: {}
    my-source:
        sourceNamespace: my-source
        sourceRevisionDigest: sha256:8b1036acbbd726f38b49bf2ea89b54e01820f742bc80a6fdb079e8f02f61d0d2
        sourceBlobDigest: sha256:4de834843e7519dfcbdbf53a22e80dc7ad4e66d2de188df4bf1608a9c7f0aed3
        tags:
            - latest
            - main
targets:
    java-target:
        source: my-source
        sourceNamespace: my-source
        sourceRevisionDigest: sha256:8b1036acbbd726f38b49bf2ea89b54e01820f742bc80a6fdb079e8f02f61d0d2
        sourceBlobDigest: sha256:4de834843e7519dfcbdbf53a22e80dc7ad4e66d2de188df4bf1608a9c7f0aed3
        codeSamplesNamespace: code-samples-java-java-target
        codeSamplesRevisionDigest: sha256:2dcb70bc2047bd8d7090449d89afbf1eb9928c606cb5befdf97097af5049f767
    py:
        source: first-source
    ts:
        source: first-source
workflow:
    workflowVersion: 1.0.0
    speakeasyVersion: latest
    sources:
        my-source:
            inputs:
                - location: https://speakeasy.com/openapi.yaml
            registry:
                location: registry.speakeasyapi.dev/speakeasy-self/speakeasy-self/my-source
    targets:
        java-target:
            target: java
            source: my-source
            publish:
                java:
                    ossrhUsername: $OSSRH_USERNAME
                    ossrhPassword: $OSSRH_PASSWORD
                    gpgSecretKey: $JAVA_GPG_SECRET_KEY
                    gpgPassPhrase: $JAVA_GPG_PASSPHRASE
                    useSonatypeLegacy: true
            codeSamples:
                output: codeSamples.yaml
                registry:
                    location: registry.speakeasyapi.dev/speakeasy-self/speakeasy-self/code-samples-java-java-target
