speakeasyVersion: 1.441.0
sources:
    first-source: {}
    my-source:
        sourceNamespace: my-source
        sourceRevisionDigest: sha256:09654734784c94348a0e50bd77c928680e867102d597cfa09045e096a717ddf6
        sourceBlobDigest: sha256:3a852c07826c5fc0bf4f450222762a1723f9fd43faf32126ffdf193260ff2d12
        tags:
            - latest
            - main
targets:
    java-target:
        source: my-source
        sourceNamespace: my-source
        sourceRevisionDigest: sha256:09654734784c94348a0e50bd77c928680e867102d597cfa09045e096a717ddf6
        sourceBlobDigest: sha256:3a852c07826c5fc0bf4f450222762a1723f9fd43faf32126ffdf193260ff2d12
        codeSamplesNamespace: code-samples-java-java-target
        codeSamplesRevisionDigest: sha256:75e3cdbf4f073341d31f26715aef232826c4de8b5354e85212a46d6fd0dffca2
    py:
        source: first-source
    ts:
        source: first-source
workflow:
    workflowVersion: 1.0.0
    speakeasyVersion: latest
    sources:
        my-source:
            inputs:
                - location: https://speakeasy.com/openapi.yaml
            registry:
                location: registry.speakeasyapi.dev/speakeasy-self/speakeasy-self/my-source
    targets:
        java-target:
            target: java
            source: my-source
            publish:
                java:
                    ossrhUsername: $OSSRH_USERNAME
                    ossrhPassword: $OSSRH_PASSWORD
                    gpgSecretKey: $JAVA_GPG_SECRET_KEY
                    gpgPassPhrase: $JAVA_GPG_PASSPHRASE
                    useSonatypeLegacy: true
            codeSamples:
                output: codeSamples.yaml
                registry:
                    location: registry.speakeasyapi.dev/speakeasy-self/speakeasy-self/code-samples-java-java-target
